{
    "_readme": [
        "This file locks the dependencies of your project to a known state",
        "Read more about it at https://getcomposer.org/doc/01-basic-usage.md#installing-dependencies",
        "This file is @generated automatically"
    ],
    "content-hash": "972bfb40f0a2612a8afb5a4c88fc9f5d",
    "packages": [
        {
            "name": "bitandblack/sentence-construction",
            "version": "2.0.0",
            "source": {
                "type": "git",
                "url": "https://bitbucket.org/wirbelwild/sentence-construction.git",
                "reference": "0d4c688a72b706e7216d9722b95ad1c7af5c42d0"
            },
            "dist": {
                "type": "zip",
                "url": "https://bitbucket.org/wirbelwild/sentence-construction/get/0d4c688a72b706e7216d9722b95ad1c7af5c42d0.zip",
                "reference": "0d4c688a72b706e7216d9722b95ad1c7af5c42d0",
                "shasum": ""
            },
            "require": {
                "php": ">=8.0"
            },
            "require-dev": {
                "phpstan/phpstan": "^1.0",
                "phpunit/phpunit": "^9.0",
                "rector/rector": "^0",
                "symplify/easy-coding-standard": "^10.0"
            },
            "suggest": {
                "bitandblack/german-words": "A huge list of german words and their grammar rules"
            },
            "type": "library",
            "autoload": {
                "psr-4": {
                    "BitAndBlack\\": "src/"
                }
            },
            "notification-url": "https://packagist.org/downloads/",
            "license": [
                "MIT"
            ],
            "authors": [
                {
                    "name": "Tobias Köngeter",
                    "email": "hello@bitandblack.com",
                    "homepage": "https://www.bitandblack.com"
                }
            ],
            "description": "Creates nice sentences",
            "homepage": "https://www.bitandblack.com",
            "keywords": [
                "grammar",
                "language",
                "sentence",
                "words"
            ],
            "support": {
                "source": "https://bitbucket.org/wirbelwild/sentence-construction/src/0d4c688a72b706e7216d9722b95ad1c7af5c42d0/?at=2.0.0"
            },
            "funding": [
                {
                    "url": "https://www.buymeacoffee.com/tobiaskoengeter",
                    "type": "buymeacoffee"
                }
            ],
            "time": "2022-06-03T12:26:06+00:00"
        }
    ],
    "packages-dev": [],
    "aliases": [],
    "minimum-stability": "stable",
    "stability-flags": [],
    "prefer-stable": false,
    "prefer-lowest": false,
    "platform": [],
    "platform-dev": [],
    "plugin-api-version": "2.6.0"
}
